
Microsoft Visual Studio Solution File, Format Version 11.00
# Visual Studio 2010
Project("{FAE04EC0-301F-11D3-BF4B-00C04F79EFBC}") = "FuzzySim", "FuzzySim\FuzzySim.csproj", "{F0D50B79-0992-454E-9BD7-4751848B7401}"
EndProject
Project("{FAE04EC0-301F-11D3-BF4B-00C04F79EFBC}") = "CFLS", "SharpLua\CFLS\CFLS.csproj", "{F910A183-214F-4005-ACE9-CF01620E3DB5}"
EndProject
Project("{FAE04EC0-301F-11D3-BF4B-00C04F79EFBC}") = "XBoxController", "XBoxController\XBoxController.csproj", "{1ACA7AEE-1295-4043-9779-96B433AE955B}"
EndProject
Project("{FAE04EC0-301F-11D3-BF4B-00C04F79EFBC}") = "Harness", "Harness\Harness.csproj", "{8AE4F13B-B88D-4174-9856-05FB1FBBE420}"
EndProject
Global
	GlobalSection(SolutionConfigurationPlatforms) = preSolution
		Debug|Any CPU = Debug|Any CPU
		Debug|Mixed Platforms = Debug|Mixed Platforms
		Debug|x86 = Debug|x86
		Debug|Xbox 360 = Debug|Xbox 360
		Release|Any CPU = Release|Any CPU
		Release|Mixed Platforms = Release|Mixed Platforms
		Release|x86 = Release|x86
		Release|Xbox 360 = Release|Xbox 360
		Description = FuzzyLua C++ [Dr Robert Cox] to C# conversion [Timothy Fox]
	EndGlobalSection
	GlobalSection(ProjectConfigurationPlatforms) = postSolution
		{F0D50B79-0992-454E-9BD7-4751848B7401}.Debug|Any CPU.ActiveCfg = Debug|x86
		{F0D50B79-0992-454E-9BD7-4751848B7401}.Debug|Mixed Platforms.ActiveCfg = Debug|x86
		{F0D50B79-0992-454E-9BD7-4751848B7401}.Debug|Mixed Platforms.Build.0 = Debug|x86
		{F0D50B79-0992-454E-9BD7-4751848B7401}.Debug|x86.ActiveCfg = Debug|x86
		{F0D50B79-0992-454E-9BD7-4751848B7401}.Debug|x86.Build.0 = Debug|x86
		{F0D50B79-0992-454E-9BD7-4751848B7401}.Debug|Xbox 360.ActiveCfg = Debug|x86
		{F0D50B79-0992-454E-9BD7-4751848B7401}.Release|Any CPU.ActiveCfg = Release|x86
		{F0D50B79-0992-454E-9BD7-4751848B7401}.Release|Mixed Platforms.ActiveCfg = Release|x86
		{F0D50B79-0992-454E-9BD7-4751848B7401}.Release|Mixed Platforms.Build.0 = Release|x86
		{F0D50B79-0992-454E-9BD7-4751848B7401}.Release|x86.ActiveCfg = Release|x86
		{F0D50B79-0992-454E-9BD7-4751848B7401}.Release|x86.Build.0 = Release|x86
		{F0D50B79-0992-454E-9BD7-4751848B7401}.Release|Xbox 360.ActiveCfg = Release|x86
		{F910A183-214F-4005-ACE9-CF01620E3DB5}.Debug|Any CPU.ActiveCfg = Debug|Any CPU
		{F910A183-214F-4005-ACE9-CF01620E3DB5}.Debug|Any CPU.Build.0 = Debug|Any CPU
		{F910A183-214F-4005-ACE9-CF01620E3DB5}.Debug|Mixed Platforms.ActiveCfg = Debug|Any CPU
		{F910A183-214F-4005-ACE9-CF01620E3DB5}.Debug|Mixed Platforms.Build.0 = Debug|Any CPU
		{F910A183-214F-4005-ACE9-CF01620E3DB5}.Debug|x86.ActiveCfg = Debug|Any CPU
		{F910A183-214F-4005-ACE9-CF01620E3DB5}.Debug|Xbox 360.ActiveCfg = Debug|Any CPU
		{F910A183-214F-4005-ACE9-CF01620E3DB5}.Release|Any CPU.ActiveCfg = Release|Any CPU
		{F910A183-214F-4005-ACE9-CF01620E3DB5}.Release|Any CPU.Build.0 = Release|Any CPU
		{F910A183-214F-4005-ACE9-CF01620E3DB5}.Release|Mixed Platforms.ActiveCfg = Release|Any CPU
		{F910A183-214F-4005-ACE9-CF01620E3DB5}.Release|Mixed Platforms.Build.0 = Release|Any CPU
		{F910A183-214F-4005-ACE9-CF01620E3DB5}.Release|x86.ActiveCfg = Release|Any CPU
		{F910A183-214F-4005-ACE9-CF01620E3DB5}.Release|Xbox 360.ActiveCfg = Release|Any CPU
		{1ACA7AEE-1295-4043-9779-96B433AE955B}.Debug|Any CPU.ActiveCfg = Debug|Xbox 360
		{1ACA7AEE-1295-4043-9779-96B433AE955B}.Debug|Mixed Platforms.ActiveCfg = Debug|Xbox 360
		{1ACA7AEE-1295-4043-9779-96B433AE955B}.Debug|Mixed Platforms.Build.0 = Debug|Xbox 360
		{1ACA7AEE-1295-4043-9779-96B433AE955B}.Debug|x86.ActiveCfg = Debug|Xbox 360
		{1ACA7AEE-1295-4043-9779-96B433AE955B}.Debug|Xbox 360.ActiveCfg = Debug|Xbox 360
		{1ACA7AEE-1295-4043-9779-96B433AE955B}.Debug|Xbox 360.Build.0 = Debug|Xbox 360
		{1ACA7AEE-1295-4043-9779-96B433AE955B}.Release|Any CPU.ActiveCfg = Release|Xbox 360
		{1ACA7AEE-1295-4043-9779-96B433AE955B}.Release|Mixed Platforms.ActiveCfg = Release|Xbox 360
		{1ACA7AEE-1295-4043-9779-96B433AE955B}.Release|Mixed Platforms.Build.0 = Release|Xbox 360
		{1ACA7AEE-1295-4043-9779-96B433AE955B}.Release|x86.ActiveCfg = Release|Xbox 360
		{1ACA7AEE-1295-4043-9779-96B433AE955B}.Release|Xbox 360.ActiveCfg = Release|Xbox 360
		{1ACA7AEE-1295-4043-9779-96B433AE955B}.Release|Xbox 360.Build.0 = Release|Xbox 360
		{8AE4F13B-B88D-4174-9856-05FB1FBBE420}.Debug|Any CPU.ActiveCfg = Debug|x86
		{8AE4F13B-B88D-4174-9856-05FB1FBBE420}.Debug|Mixed Platforms.ActiveCfg = Debug|x86
		{8AE4F13B-B88D-4174-9856-05FB1FBBE420}.Debug|Mixed Platforms.Build.0 = Debug|x86
		{8AE4F13B-B88D-4174-9856-05FB1FBBE420}.Debug|x86.ActiveCfg = Debug|x86
		{8AE4F13B-B88D-4174-9856-05FB1FBBE420}.Debug|x86.Build.0 = Debug|x86
		{8AE4F13B-B88D-4174-9856-05FB1FBBE420}.Debug|Xbox 360.ActiveCfg = Debug|x86
		{8AE4F13B-B88D-4174-9856-05FB1FBBE420}.Release|Any CPU.ActiveCfg = Release|x86
		{8AE4F13B-B88D-4174-9856-05FB1FBBE420}.Release|Mixed Platforms.ActiveCfg = Release|x86
		{8AE4F13B-B88D-4174-9856-05FB1FBBE420}.Release|Mixed Platforms.Build.0 = Release|x86
		{8AE4F13B-B88D-4174-9856-05FB1FBBE420}.Release|x86.ActiveCfg = Release|x86
		{8AE4F13B-B88D-4174-9856-05FB1FBBE420}.Release|x86.Build.0 = Release|x86
		{8AE4F13B-B88D-4174-9856-05FB1FBBE420}.Release|Xbox 360.ActiveCfg = Release|x86
	EndGlobalSection
	GlobalSection(SolutionProperties) = preSolution
		HideSolutionNode = FALSE
	EndGlobalSection
EndGlobal
